
Microsoft Visual Studio Solution File, Format Version 12.00
# Visual Studio 2013
VisualStudioVersion = 12.0.31101.0
MinimumVisualStudioVersion = 10.0.40219.1
Project("{FAE04EC0-301F-11D3-BF4B-00C04F79EFBC}") = "midterm", "midterm\midterm.csproj", "{426CE6BD-70B4-4DD9-AC15-437612671014}"
EndProject
Project("{2150E333-8FDC-42A3-9474-1A3956D46DE8}") = "PublishScripts", "PublishScripts", "{EFFCB52D-6A75-4013-8615-53CF27913DED}"
	ProjectSection(SolutionItems) = preProject
		PublishScripts\AzureWebsitePublishModule.psm1 = PublishScripts\AzureWebsitePublishModule.psm1
		PublishScripts\Publish-WebApplicationWebsite.ps1 = PublishScripts\Publish-WebApplicationWebsite.ps1
	EndProjectSection
EndProject
Project("{2150E333-8FDC-42A3-9474-1A3956D46DE8}") = "Configurations", "Configurations", "{1E23682F-FF6C-4346-AC02-91530DFED749}"
	ProjectSection(SolutionItems) = preProject
		PublishScripts\Configurations\midterm-WAWS-dev.json = PublishScripts\Configurations\midterm-WAWS-dev.json
	EndProjectSection
EndProject
Global
	GlobalSection(SolutionConfigurationPlatforms) = preSolution
		Debug|Any CPU = Debug|Any CPU
		Release|Any CPU = Release|Any CPU
	EndGlobalSection
	GlobalSection(ProjectConfigurationPlatforms) = postSolution
		{426CE6BD-70B4-4DD9-AC15-437612671014}.Debug|Any CPU.ActiveCfg = Debug|Any CPU
		{426CE6BD-70B4-4DD9-AC15-437612671014}.Debug|Any CPU.Build.0 = Debug|Any CPU
		{426CE6BD-70B4-4DD9-AC15-437612671014}.Release|Any CPU.ActiveCfg = Release|Any CPU
		{426CE6BD-70B4-4DD9-AC15-437612671014}.Release|Any CPU.Build.0 = Release|Any CPU
	EndGlobalSection
	GlobalSection(SolutionProperties) = preSolution
		HideSolutionNode = FALSE
	EndGlobalSection
	GlobalSection(NestedProjects) = preSolution
		{1E23682F-FF6C-4346-AC02-91530DFED749} = {EFFCB52D-6A75-4013-8615-53CF27913DED}
	EndGlobalSection
EndGlobal
